{
  "version": "5",
  "redirects": {
    "https://esm.sh/@supabase/supabase-js@2": "https://esm.sh/@supabase/supabase-js@2.108.1"
  },
  "remote": {
    "https://deno.land/std@0.168.0/async/abortable.ts": "80b2ac399f142cc528f95a037a7d0e653296352d95c681e284533765961de409",
    "https://deno.land/std@0.168.0/async/deadline.ts": "2c2deb53c7c28ca1dda7a3ad81e70508b1ebc25db52559de6b8636c9278fd41f",
    "https://deno.land/std@0.168.0/async/debounce.ts": "60301ffb37e730cd2d6f9dadfd0ecb2a38857681bd7aaf6b0a106b06e5210a98",
    "https://deno.land/std@0.168.0/async/deferred.ts": "77d3f84255c3627f1cc88699d8472b664d7635990d5358c4351623e098e917d6",
    "https://deno.land/std@0.168.0/async/delay.ts": "5a9bfba8de38840308a7a33786a0155a7f6c1f7a859558ddcec5fe06e16daf57",
    "https://deno.land/std@0.168.0/async/mod.ts": "7809ad4bb223e40f5fdc043e5c7ca04e0e25eed35c32c3c32e28697c553fa6d9",
    "https://deno.land/std@0.168.0/async/mux_async_iterator.ts": "770a0ff26c59f8bbbda6b703a2235f04e379f73238e8d66a087edc68c2a2c35f",
    "https://deno.land/std@0.168.0/async/pool.ts": "6854d8cd675a74c73391c82005cbbe4cc58183bddcd1fbbd7c2bcda42b61cf69",
    "https://deno.land/std@0.168.0/async/retry.ts": "e8e5173623915bbc0ddc537698fa418cf875456c347eda1ed453528645b42e67",
    "https://deno.land/std@0.168.0/async/tee.ts": "3a47cc4e9a940904fd4341f0224907e199121c80b831faa5ec2b054c6d2eff5e",
    "https://deno.land/std@0.168.0/fmt/colors.ts": "03ad95e543d2808bc43c17a3dd29d25b43d0f16287fe562a0be89bf632454a12",
    "https://deno.land/std@0.168.0/http/server.ts": "e99c1bee8a3f6571ee4cdeb2966efad465b8f6fe62bec1bdb59c1f007cc4d155",
    "https://deno.land/std@0.168.0/testing/_diff.ts": "a23e7fc2b4d8daa3e158fa06856bedf5334ce2a2831e8bf9e509717f455adb2c",
    "https://deno.land/std@0.168.0/testing/_format.ts": "cd11136e1797791045e639e9f0f4640d5b4166148796cad37e6ef75f7d7f3832",
    "https://deno.land/std@0.168.0/testing/asserts.ts": "51353e79437361d4b02d8e32f3fc83b22231bc8f8d4c841d86fd32b0b0afe940",
    "https://esm.sh/@supabase/supabase-js@2.108.1": "fca0990662d240263b440bc055ea919312c0d27f7ab295e835e1644cf49200ce"
  },
  "workspace": {
    "packageJson": {
      "dependencies": [
        "npm:@expo-google-fonts/inter@~0.4.2",
        "npm:@expo-google-fonts/jetbrains-mono@~0.4.1",
        "npm:@expo-google-fonts/playfair-display@~0.4.2",
        "npm:@expo/vector-icons@^15.0.3",
        "npm:@react-native-async-storage/async-storage@2.2.0",
        "npm:@react-native-community/netinfo@11.4.1",
        "npm:@sentry/react-native@^8.11.1",
        "npm:@supabase/supabase-js@^2.45.0",
        "npm:@types/jest@^29.5.14",
        "npm:@types/react@19.1",
        "npm:eslint-config-expo@10.0",
        "npm:eslint@^9.39.4",
        "npm:event-target-shim@^6.0.2",
        "npm:expo-asset@~12.0.12",
        "npm:expo-av@~16.0.8",
        "npm:expo-blur@~15.0.8",
        "npm:expo-clipboard@~8.0.8",
        "npm:expo-constants@~18.0.13",
        "npm:expo-font@~14.0.11",
        "npm:expo-haptics@~15.0.8",
        "npm:expo-linear-gradient@~15.0.8",
        "npm:expo-linking@~8.0.11",
        "npm:expo-network@~8.0.8",
        "npm:expo-notifications@~0.32.16",
        "npm:expo-router@~6.0.23",
        "npm:expo-speech@~14.0.8",
        "npm:expo-status-bar@~3.0.9",
        "npm:expo-updates@~29.0.17",
        "npm:expo-web-browser@~15.0.10",
        "npm:expo@54.0",
        "npm:jest-expo@54.0",
        "npm:jest@29.7",
        "npm:nativewind@^4.1.0",
        "npm:react-dom@19.1.0",
        "npm:react-native-css-interop@~0.2.3",
        "npm:react-native-gesture-handler@2.28",
        "npm:react-native-purchases@^10.4.0",
        "npm:react-native-reanimated@~4.1.1",
        "npm:react-native-safe-area-context@5.6",
        "npm:react-native-screens@4.16",
        "npm:react-native-svg@15.12.1",
        "npm:react-native-url-polyfill@2",
        "npm:react-native-web@0.21",
        "npm:react-native-worklets@~0.5.2",
        "npm:react-native@0.81.5",
        "npm:react@19.1.0",
        "npm:sharp@~0.34.5",
        "npm:tailwindcss@^3.4.0",
        "npm:typescript-eslint@^8.61.0",
        "npm:typescript@5.9",
        "npm:zustand@5"
      ],
      "overrides": {
        "react-native-worklets": "^0.5.2"
      }
    }
  }
}
